
Microsoft Visual Studio Solution File, Format Version 12.00
# Visual Studio Version 17
VisualStudioVersion = 17.10.35013.160
MinimumVisualStudioVersion = 10.0.40219.1
Project("{9A19103F-16F7-4668-BE54-9A1E7A4F7556}") = "MeetingApp.Server", "MeetingApp.Server\MeetingApp.Server.csproj", "{5B882BB7-8948-4347-803C-86615A22666D}"
EndProject
Project("{54A90642-561A-4BB1-A94E-469ADEE60C69}") = "meetingapp.client", "meetingapp.client\meetingapp.client.esproj", "{FBE989B7-1439-4ABD-AF77-B02687FA94B2}"
EndProject
Global
	GlobalSection(SolutionConfigurationPlatforms) = preSolution
		Debug|Any CPU = Debug|Any CPU
		Release|Any CPU = Release|Any CPU
	EndGlobalSection
	GlobalSection(ProjectConfigurationPlatforms) = postSolution
		{5B882BB7-8948-4347-803C-86615A22666D}.Debug|Any CPU.ActiveCfg = Debug|Any CPU
		{5B882BB7-8948-4347-803C-86615A22666D}.Debug|Any CPU.Build.0 = Debug|Any CPU
		{5B882BB7-8948-4347-803C-86615A22666D}.Release|Any CPU.ActiveCfg = Release|Any CPU
		{5B882BB7-8948-4347-803C-86615A22666D}.Release|Any CPU.Build.0 = Release|Any CPU
		{FBE989B7-1439-4ABD-AF77-B02687FA94B2}.Debug|Any CPU.ActiveCfg = Debug|Any CPU
		{FBE989B7-1439-4ABD-AF77-B02687FA94B2}.Debug|Any CPU.Build.0 = Debug|Any CPU
		{FBE989B7-1439-4ABD-AF77-B02687FA94B2}.Debug|Any CPU.Deploy.0 = Debug|Any CPU
		{FBE989B7-1439-4ABD-AF77-B02687FA94B2}.Release|Any CPU.ActiveCfg = Release|Any CPU
		{FBE989B7-1439-4ABD-AF77-B02687FA94B2}.Release|Any CPU.Build.0 = Release|Any CPU
		{FBE989B7-1439-4ABD-AF77-B02687FA94B2}.Release|Any CPU.Deploy.0 = Release|Any CPU
	EndGlobalSection
	GlobalSection(SolutionProperties) = preSolution
		HideSolutionNode = FALSE
	EndGlobalSection
	GlobalSection(ExtensibilityGlobals) = postSolution
		SolutionGuid = {05E3905D-57A9-4C24-B77A-DE4FFDD9D7BB}
	EndGlobalSection
EndGlobal
